
Microsoft Visual Studio Solution File, Format Version 12.00
# Visual Studio 14
VisualStudioVersion = 14.0.24720.0
MinimumVisualStudioVersion = 10.0.40219.1
Project("{FAE04EC0-301F-11D3-BF4B-00C04F79EFBC}") = "RabbitmqAuthTest", "RabbitmqAuthTest\RabbitmqAuthTest.csproj", "{CC9D7688-EF55-402C-9B69-F319808F236A}"
EndProject
Project("{FAE04EC0-301F-11D3-BF4B-00C04F79EFBC}") = "NsbRabbitmqAuthTest", "NsbRabbitmqAuthTest\NsbRabbitmqAuthTest.csproj", "{982F8BD5-BA84-4BE8-A293-26688780C478}"
EndProject
Global
	GlobalSection(SolutionConfigurationPlatforms) = preSolution
		Debug|Any CPU = Debug|Any CPU
		Release|Any CPU = Release|Any CPU
	EndGlobalSection
	GlobalSection(ProjectConfigurationPlatforms) = postSolution
		{CC9D7688-EF55-402C-9B69-F319808F236A}.Debug|Any CPU.ActiveCfg = Debug|Any CPU
		{CC9D7688-EF55-402C-9B69-F319808F236A}.Debug|Any CPU.Build.0 = Debug|Any CPU
		{CC9D7688-EF55-402C-9B69-F319808F236A}.Release|Any CPU.ActiveCfg = Release|Any CPU
		{CC9D7688-EF55-402C-9B69-F319808F236A}.Release|Any CPU.Build.0 = Release|Any CPU
		{982F8BD5-BA84-4BE8-A293-26688780C478}.Debug|Any CPU.ActiveCfg = Debug|Any CPU
		{982F8BD5-BA84-4BE8-A293-26688780C478}.Debug|Any CPU.Build.0 = Debug|Any CPU
		{982F8BD5-BA84-4BE8-A293-26688780C478}.Release|Any CPU.ActiveCfg = Release|Any CPU
		{982F8BD5-BA84-4BE8-A293-26688780C478}.Release|Any CPU.Build.0 = Release|Any CPU
	EndGlobalSection
	GlobalSection(SolutionProperties) = preSolution
		HideSolutionNode = FALSE
	EndGlobalSection
EndGlobal
